{
    "name": "@netv/lasso-selection",
    "version": "1.0.10",
    "lockfileVersion": 1,
    "requires": true,
    "dependencies": {
        "robust-orientation": {
            "version": "1.2.1",
            "resolved": "https://registry.nlark.com/robust-orientation/download/robust-orientation-1.2.1.tgz",
            "integrity": "sha1-9sKwCl318cuVl75jpFGQ8nOJk2E=",
            "requires": {
                "robust-scale": "^1.0.2",
                "robust-subtract": "^1.0.0",
                "robust-sum": "^1.0.0",
                "two-product": "^1.0.2"
            }
        },
        "robust-point-in-polygon": {
            "version": "1.0.3",
            "resolved": "https://registry.npmmirror.com/robust-point-in-polygon/download/robust-point-in-polygon-1.0.3.tgz",
            "integrity": "sha1-6mjwJaRN/mrt6A8IY3iHBc9UfsQ=",
            "requires": {
                "robust-orientation": "^1.0.2"
            }
        },
        "robust-scale": {
            "version": "1.0.2",
            "resolved": "https://registry.nlark.com/robust-scale/download/robust-scale-1.0.2.tgz",
            "integrity": "sha1-d1Ey7QlULQKOWLLMecBikLz3jDI=",
            "requires": {
                "two-product": "^1.0.2",
                "two-sum": "^1.0.0"
            }
        },
        "robust-subtract": {
            "version": "1.0.0",
            "resolved": "https://registry.nlark.com/robust-subtract/download/robust-subtract-1.0.0.tgz",
            "integrity": "sha1-4LFk4e2LpOOl3aRaEgODSNvtPpo="
        },
        "robust-sum": {
            "version": "1.0.0",
            "resolved": "https://registry.nlark.com/robust-sum/download/robust-sum-1.0.0.tgz",
            "integrity": "sha1-FmRuUlKStNJdgnV6KGlV4Lv6U9k="
        },
        "two-product": {
            "version": "1.0.2",
            "resolved": "https://registry.nlark.com/two-product/download/two-product-1.0.2.tgz",
            "integrity": "sha1-Z9ldSyV6kh4stL16+VEfkIhSLqo="
        },
        "two-sum": {
            "version": "1.0.0",
            "resolved": "https://registry.nlark.com/two-sum/download/two-sum-1.0.0.tgz",
            "integrity": "sha1-MdPzIjnk9zHsqd+RVeKyl/AIq2Q="
        }
    }
}
